
Microsoft Visual Studio Solution File, Format Version 12.00
# Visual Studio Version 17
VisualStudioVersion = 17.1.32421.90
MinimumVisualStudioVersion = 10.0.40219.1
Project("{FAE04EC0-301F-11D3-BF4B-00C04F79EFBC}") = "ClosedObjectsCollectionApp", "ClosedObjectsCollectionApp\ClosedObjectsCollectionApp.csproj", "{BFD87778-3C5F-42C1-A887-114447DA579A}"
EndProject
Project("{FAE04EC0-301F-11D3-BF4B-00C04F79EFBC}") = "ClosedObjectsListTest", "ClosedObjectsListTest\ClosedObjectsListTest.csproj", "{10225E49-730B-41D1-872E-DE3FF1BF32E2}"
EndProject
Global
	GlobalSection(SolutionConfigurationPlatforms) = preSolution
		Debug|Any CPU = Debug|Any CPU
		Release|Any CPU = Release|Any CPU
	EndGlobalSection
	GlobalSection(ProjectConfigurationPlatforms) = postSolution
		{BFD87778-3C5F-42C1-A887-114447DA579A}.Debug|Any CPU.ActiveCfg = Debug|Any CPU
		{BFD87778-3C5F-42C1-A887-114447DA579A}.Debug|Any CPU.Build.0 = Debug|Any CPU
		{BFD87778-3C5F-42C1-A887-114447DA579A}.Release|Any CPU.ActiveCfg = Release|Any CPU
		{BFD87778-3C5F-42C1-A887-114447DA579A}.Release|Any CPU.Build.0 = Release|Any CPU
		{10225E49-730B-41D1-872E-DE3FF1BF32E2}.Debug|Any CPU.ActiveCfg = Debug|Any CPU
		{10225E49-730B-41D1-872E-DE3FF1BF32E2}.Debug|Any CPU.Build.0 = Debug|Any CPU
		{10225E49-730B-41D1-872E-DE3FF1BF32E2}.Release|Any CPU.ActiveCfg = Release|Any CPU
		{10225E49-730B-41D1-872E-DE3FF1BF32E2}.Release|Any CPU.Build.0 = Release|Any CPU
	EndGlobalSection
	GlobalSection(SolutionProperties) = preSolution
		HideSolutionNode = FALSE
	EndGlobalSection
	GlobalSection(ExtensibilityGlobals) = postSolution
		SolutionGuid = {DB8BD83C-F608-4F26-87EB-5654CBCB72CD}
	EndGlobalSection
EndGlobal
